
Microsoft Visual Studio Solution File, Format Version 12.00
# Visual Studio Version 17
VisualStudioVersion = 17.0.32126.317
MinimumVisualStudioVersion = 10.0.40219.1
Project("{FAE04EC0-301F-11D3-BF4B-00C04F79EFBC}") = "Memory Game", "Memory Game.csproj", "{73060AF0-012D-4A0B-A965-04F6164BB842}"
EndProject
Global
	GlobalSection(SolutionConfigurationPlatforms) = preSolution
		Debug|Any CPU = Debug|Any CPU
		Release|Any CPU = Release|Any CPU
	EndGlobalSection
	GlobalSection(ProjectConfigurationPlatforms) = postSolution
		{73060AF0-012D-4A0B-A965-04F6164BB842}.Debug|Any CPU.ActiveCfg = Debug|Any CPU
		{73060AF0-012D-4A0B-A965-04F6164BB842}.Debug|Any CPU.Build.0 = Debug|Any CPU
		{73060AF0-012D-4A0B-A965-04F6164BB842}.Release|Any CPU.ActiveCfg = Release|Any CPU
		{73060AF0-012D-4A0B-A965-04F6164BB842}.Release|Any CPU.Build.0 = Release|Any CPU
	EndGlobalSection
	GlobalSection(SolutionProperties) = preSolution
		HideSolutionNode = FALSE
	EndGlobalSection
	GlobalSection(ExtensibilityGlobals) = postSolution
		SolutionGuid = {5A3FB60A-D91A-44C7-BB45-AFF9E697D195}
	EndGlobalSection
EndGlobal
